
Microsoft Visual Studio Solution File, Format Version 12.00
# Visual Studio Version 16
VisualStudioVersion = 16.0.32901.82
MinimumVisualStudioVersion = 10.0.40219.1
Project("{FAE04EC0-301F-11D3-BF4B-00C04F79EFBC}") = "YouTubeDemo", "YouTubeDemo\YouTubeDemo.csproj", "{286EB709-B042-4622-AC43-88BAFE109520}"
EndProject
Global
	GlobalSection(SolutionConfigurationPlatforms) = preSolution
		Debug|Any CPU = Debug|Any CPU
		Release|Any CPU = Release|Any CPU
	EndGlobalSection
	GlobalSection(ProjectConfigurationPlatforms) = postSolution
		{286EB709-B042-4622-AC43-88BAFE109520}.Debug|Any CPU.ActiveCfg = Debug|Any CPU
		{286EB709-B042-4622-AC43-88BAFE109520}.Debug|Any CPU.Build.0 = Debug|Any CPU
		{286EB709-B042-4622-AC43-88BAFE109520}.Release|Any CPU.ActiveCfg = Release|Any CPU
		{286EB709-B042-4622-AC43-88BAFE109520}.Release|Any CPU.Build.0 = Release|Any CPU
	EndGlobalSection
	GlobalSection(SolutionProperties) = preSolution
		HideSolutionNode = FALSE
	EndGlobalSection
	GlobalSection(ExtensibilityGlobals) = postSolution
		SolutionGuid = {B181198C-8AB2-4F6D-BC58-E3640A43EC7F}
	EndGlobalSection
EndGlobal
